
Microsoft Visual Studio Solution File, Format Version 12.00
# Visual Studio Version 17
VisualStudioVersion = 17.13.35919.96 d17.13
MinimumVisualStudioVersion = 10.0.40219.1
Project("{E24C65DC-7377-472B-9ABA-BC803B73C61A}") = "SimuladorCredito", ".", "{1DC84B57-6D59-4F9F-A1D6-CC7B21ED064A}"
	ProjectSection(WebsiteProperties) = preProject
		TargetFrameworkMoniker = ".NETFramework,Version%3Dv4.7.2"
		Debug.AspNetCompiler.VirtualPath = "/localhost_55994"
		Debug.AspNetCompiler.PhysicalPath = "..\SimuladorCredito\"
		Debug.AspNetCompiler.TargetPath = "PrecompiledWeb\localhost_55994\"
		Debug.AspNetCompiler.Updateable = "true"
		Debug.AspNetCompiler.ForceOverwrite = "true"
		Debug.AspNetCompiler.FixedNames = "false"
		Debug.AspNetCompiler.Debug = "True"
		Release.AspNetCompiler.VirtualPath = "/localhost_55994"
		Release.AspNetCompiler.PhysicalPath = "..\SimuladorCredito\"
		Release.AspNetCompiler.TargetPath = "PrecompiledWeb\localhost_55994\"
		Release.AspNetCompiler.Updateable = "true"
		Release.AspNetCompiler.ForceOverwrite = "true"
		Release.AspNetCompiler.FixedNames = "false"
		Release.AspNetCompiler.Debug = "False"
		VWDPort = "55994"
		SlnRelativePath = "..\SimuladorCredito\"
		DefaultWebSiteLanguage = "Visual C#"
	EndProjectSection
EndProject
Global
	GlobalSection(SolutionConfigurationPlatforms) = preSolution
		Debug|Any CPU = Debug|Any CPU
	EndGlobalSection
	GlobalSection(ProjectConfigurationPlatforms) = postSolution
		{1DC84B57-6D59-4F9F-A1D6-CC7B21ED064A}.Debug|Any CPU.ActiveCfg = Debug|Any CPU
		{1DC84B57-6D59-4F9F-A1D6-CC7B21ED064A}.Debug|Any CPU.Build.0 = Debug|Any CPU
	EndGlobalSection
	GlobalSection(SolutionProperties) = preSolution
		HideSolutionNode = FALSE
	EndGlobalSection
	GlobalSection(ExtensibilityGlobals) = postSolution
		SolutionGuid = {0DE3150A-D253-4D3E-A414-3E0278D451DB}
	EndGlobalSection
EndGlobal
